
Microsoft Visual Studio Solution File, Format Version 12.00
# Visual Studio Version 16
VisualStudioVersion = 16.0.32106.194
MinimumVisualStudioVersion = 10.0.40219.1
Project("{FAE04EC0-301F-11D3-BF4B-00C04F79EFBC}") = "220502_MVOP.Android", "220502_MVOP\220502_MVOP.Android\220502_MVOP.Android.csproj", "{C7D4567B-AE74-4468-AEFD-2148DC0217DD}"
EndProject
Project("{FAE04EC0-301F-11D3-BF4B-00C04F79EFBC}") = "220502_MVOP.iOS", "220502_MVOP\220502_MVOP.iOS\220502_MVOP.iOS.csproj", "{F7CFFF3E-0EE9-4B3E-B01A-32B95A0CAC4B}"
EndProject
Project("{FAE04EC0-301F-11D3-BF4B-00C04F79EFBC}") = "220502_MVOP", "220502_MVOP\220502_MVOP\220502_MVOP.csproj", "{A87C8CC2-CB93-4993-88CB-9B741343FB28}"
EndProject
Global
	GlobalSection(SolutionConfigurationPlatforms) = preSolution
		Debug|Any CPU = Debug|Any CPU
		Debug|iPhone = Debug|iPhone
		Debug|iPhoneSimulator = Debug|iPhoneSimulator
		Release|Any CPU = Release|Any CPU
		Release|iPhone = Release|iPhone
		Release|iPhoneSimulator = Release|iPhoneSimulator
	EndGlobalSection
	GlobalSection(ProjectConfigurationPlatforms) = postSolution
		{C7D4567B-AE74-4468-AEFD-2148DC0217DD}.Debug|Any CPU.ActiveCfg = Debug|Any CPU
		{C7D4567B-AE74-4468-AEFD-2148DC0217DD}.Debug|Any CPU.Build.0 = Debug|Any CPU
		{C7D4567B-AE74-4468-AEFD-2148DC0217DD}.Debug|Any CPU.Deploy.0 = Debug|Any CPU
		{C7D4567B-AE74-4468-AEFD-2148DC0217DD}.Debug|iPhone.ActiveCfg = Debug|Any CPU
		{C7D4567B-AE74-4468-AEFD-2148DC0217DD}.Debug|iPhone.Build.0 = Debug|Any CPU
		{C7D4567B-AE74-4468-AEFD-2148DC0217DD}.Debug|iPhone.Deploy.0 = Debug|Any CPU
		{C7D4567B-AE74-4468-AEFD-2148DC0217DD}.Debug|iPhoneSimulator.ActiveCfg = Debug|Any CPU
		{C7D4567B-AE74-4468-AEFD-2148DC0217DD}.Debug|iPhoneSimulator.Build.0 = Debug|Any CPU
		{C7D4567B-AE74-4468-AEFD-2148DC0217DD}.Debug|iPhoneSimulator.Deploy.0 = Debug|Any CPU
		{C7D4567B-AE74-4468-AEFD-2148DC0217DD}.Release|Any CPU.ActiveCfg = Release|Any CPU
		{C7D4567B-AE74-4468-AEFD-2148DC0217DD}.Release|Any CPU.Build.0 = Release|Any CPU
		{C7D4567B-AE74-4468-AEFD-2148DC0217DD}.Release|Any CPU.Deploy.0 = Release|Any CPU
		{C7D4567B-AE74-4468-AEFD-2148DC0217DD}.Release|iPhone.ActiveCfg = Release|Any CPU
		{C7D4567B-AE74-4468-AEFD-2148DC0217DD}.Release|iPhone.Build.0 = Release|Any CPU
		{C7D4567B-AE74-4468-AEFD-2148DC0217DD}.Release|iPhone.Deploy.0 = Release|Any CPU
		{C7D4567B-AE74-4468-AEFD-2148DC0217DD}.Release|iPhoneSimulator.ActiveCfg = Release|Any CPU
		{C7D4567B-AE74-4468-AEFD-2148DC0217DD}.Release|iPhoneSimulator.Build.0 = Release|Any CPU
		{C7D4567B-AE74-4468-AEFD-2148DC0217DD}.Release|iPhoneSimulator.Deploy.0 = Release|Any CPU
		{F7CFFF3E-0EE9-4B3E-B01A-32B95A0CAC4B}.Debug|Any CPU.ActiveCfg = Debug|iPhone
		{F7CFFF3E-0EE9-4B3E-B01A-32B95A0CAC4B}.Debug|Any CPU.Build.0 = Debug|iPhone
		{F7CFFF3E-0EE9-4B3E-B01A-32B95A0CAC4B}.Debug|Any CPU.Deploy.0 = Debug|iPhone
		{F7CFFF3E-0EE9-4B3E-B01A-32B95A0CAC4B}.Debug|iPhone.ActiveCfg = Debug|iPhone
		{F7CFFF3E-0EE9-4B3E-B01A-32B95A0CAC4B}.Debug|iPhone.Build.0 = Debug|iPhone
		{F7CFFF3E-0EE9-4B3E-B01A-32B95A0CAC4B}.Debug|iPhone.Deploy.0 = Debug|iPhone
		{F7CFFF3E-0EE9-4B3E-B01A-32B95A0CAC4B}.Debug|iPhoneSimulator.ActiveCfg = Debug|iPhoneSimulator
		{F7CFFF3E-0EE9-4B3E-B01A-32B95A0CAC4B}.Debug|iPhoneSimulator.Build.0 = Debug|iPhoneSimulator
		{F7CFFF3E-0EE9-4B3E-B01A-32B95A0CAC4B}.Debug|iPhoneSimulator.Deploy.0 = Debug|iPhoneSimulator
		{F7CFFF3E-0EE9-4B3E-B01A-32B95A0CAC4B}.Release|Any CPU.ActiveCfg = Release|iPhoneSimulator
		{F7CFFF3E-0EE9-4B3E-B01A-32B95A0CAC4B}.Release|Any CPU.Build.0 = Release|iPhoneSimulator
		{F7CFFF3E-0EE9-4B3E-B01A-32B95A0CAC4B}.Release|Any CPU.Deploy.0 = Release|iPhoneSimulator
		{F7CFFF3E-0EE9-4B3E-B01A-32B95A0CAC4B}.Release|iPhone.ActiveCfg = Release|iPhone
		{F7CFFF3E-0EE9-4B3E-B01A-32B95A0CAC4B}.Release|iPhone.Build.0 = Release|iPhone
		{F7CFFF3E-0EE9-4B3E-B01A-32B95A0CAC4B}.Release|iPhone.Deploy.0 = Release|iPhone
		{F7CFFF3E-0EE9-4B3E-B01A-32B95A0CAC4B}.Release|iPhoneSimulator.ActiveCfg = Release|iPhoneSimulator
		{F7CFFF3E-0EE9-4B3E-B01A-32B95A0CAC4B}.Release|iPhoneSimulator.Build.0 = Release|iPhoneSimulator
		{F7CFFF3E-0EE9-4B3E-B01A-32B95A0CAC4B}.Release|iPhoneSimulator.Deploy.0 = Release|iPhoneSimulator
		{A87C8CC2-CB93-4993-88CB-9B741343FB28}.Debug|Any CPU.ActiveCfg = Debug|Any CPU
		{A87C8CC2-CB93-4993-88CB-9B741343FB28}.Debug|Any CPU.Build.0 = Debug|Any CPU
		{A87C8CC2-CB93-4993-88CB-9B741343FB28}.Debug|Any CPU.Deploy.0 = Debug|Any CPU
		{A87C8CC2-CB93-4993-88CB-9B741343FB28}.Debug|iPhone.ActiveCfg = Debug|Any CPU
		{A87C8CC2-CB93-4993-88CB-9B741343FB28}.Debug|iPhone.Build.0 = Debug|Any CPU
		{A87C8CC2-CB93-4993-88CB-9B741343FB28}.Debug|iPhone.Deploy.0 = Debug|Any CPU
		{A87C8CC2-CB93-4993-88CB-9B741343FB28}.Debug|iPhoneSimulator.ActiveCfg = Debug|Any CPU
		{A87C8CC2-CB93-4993-88CB-9B741343FB28}.Debug|iPhoneSimulator.Build.0 = Debug|Any CPU
		{A87C8CC2-CB93-4993-88CB-9B741343FB28}.Debug|iPhoneSimulator.Deploy.0 = Debug|Any CPU
		{A87C8CC2-CB93-4993-88CB-9B741343FB28}.Release|Any CPU.ActiveCfg = Release|Any CPU
		{A87C8CC2-CB93-4993-88CB-9B741343FB28}.Release|Any CPU.Build.0 = Release|Any CPU
		{A87C8CC2-CB93-4993-88CB-9B741343FB28}.Release|Any CPU.Deploy.0 = Release|Any CPU
		{A87C8CC2-CB93-4993-88CB-9B741343FB28}.Release|iPhone.ActiveCfg = Release|Any CPU
		{A87C8CC2-CB93-4993-88CB-9B741343FB28}.Release|iPhone.Build.0 = Release|Any CPU
		{A87C8CC2-CB93-4993-88CB-9B741343FB28}.Release|iPhone.Deploy.0 = Release|Any CPU
		{A87C8CC2-CB93-4993-88CB-9B741343FB28}.Release|iPhoneSimulator.ActiveCfg = Release|Any CPU
		{A87C8CC2-CB93-4993-88CB-9B741343FB28}.Release|iPhoneSimulator.Build.0 = Release|Any CPU
		{A87C8CC2-CB93-4993-88CB-9B741343FB28}.Release|iPhoneSimulator.Deploy.0 = Release|Any CPU
	EndGlobalSection
	GlobalSection(SolutionProperties) = preSolution
		HideSolutionNode = FALSE
	EndGlobalSection
	GlobalSection(ExtensibilityGlobals) = postSolution
		SolutionGuid = {80E44B7A-451E-4976-BE6A-E141548D724C}
	EndGlobalSection
EndGlobal
